{
  "name": "event-receiver",
  "lockfileVersion": 2,
  "requires": true,
  "packages": {
    "": {
      "devDependencies": {
        "@types/amqplib": "^0.8.2"
      }
    },
    "node_modules/@types/amqplib": {
      "version": "0.8.2",
      "resolved": "https://registry.npmjs.org/@types/amqplib/-/amqplib-0.8.2.tgz",
      "integrity": "sha512-p+TFLzo52f8UanB+Nq6gyUi65yecAcRY3nYowU6MPGFtaJvEDxcnFWrxssSTkF+ts1W3zyQDvgVICLQem5WxRA==",
      "dev": true,
      "dependencies": {
        "@types/bluebird": "*",
        "@types/node": "*"
      }
    },
    "node_modules/@types/bluebird": {
      "version": "3.5.36",
      "resolved": "https://registry.npmjs.org/@types/bluebird/-/bluebird-3.5.36.tgz",
      "integrity": "sha512-HBNx4lhkxN7bx6P0++W8E289foSu8kO8GCk2unhuVggO+cE7rh9DhZUyPhUxNRG9m+5B5BTKxZQ5ZP92x/mx9Q==",
      "dev": true
    },
    "node_modules/@types/node": {
      "version": "17.0.31",
      "resolved": "https://registry.npmjs.org/@types/node/-/node-17.0.31.tgz",
      "integrity": "sha512-AR0x5HbXGqkEx9CadRH3EBYx/VkiUgZIhP4wvPn/+5KIsgpNoyFaRlVe0Zlx9gRtg8fA06a9tskE2MSN7TcG4Q==",
      "dev": true
    }
  },
  "dependencies": {
    "@types/amqplib": {
      "version": "0.8.2",
      "resolved": "https://registry.npmjs.org/@types/amqplib/-/amqplib-0.8.2.tgz",
      "integrity": "sha512-p+TFLzo52f8UanB+Nq6gyUi65yecAcRY3nYowU6MPGFtaJvEDxcnFWrxssSTkF+ts1W3zyQDvgVICLQem5WxRA==",
      "dev": true,
      "requires": {
        "@types/bluebird": "*",
        "@types/node": "*"
      }
    },
    "@types/bluebird": {
      "version": "3.5.36",
      "resolved": "https://registry.npmjs.org/@types/bluebird/-/bluebird-3.5.36.tgz",
      "integrity": "sha512-HBNx4lhkxN7bx6P0++W8E289foSu8kO8GCk2unhuVggO+cE7rh9DhZUyPhUxNRG9m+5B5BTKxZQ5ZP92x/mx9Q==",
      "dev": true
    },
    "@types/node": {
      "version": "17.0.31",
      "resolved": "https://registry.npmjs.org/@types/node/-/node-17.0.31.tgz",
      "integrity": "sha512-AR0x5HbXGqkEx9CadRH3EBYx/VkiUgZIhP4wvPn/+5KIsgpNoyFaRlVe0Zlx9gRtg8fA06a9tskE2MSN7TcG4Q==",
      "dev": true
    }
  }
}
